
Microsoft Visual Studio Solution File, Format Version 12.00
# Visual Studio Version 17
VisualStudioVersion = 17.13.35825.156 d17.13
MinimumVisualStudioVersion = 10.0.40219.1
Project("{FAE04EC0-301F-11D3-BF4B-00C04F79EFBC}") = "LabProject3", "LabProject3.csproj", "{E23D498A-BE9E-494C-B224-F3F11BFE1F84}"
EndProject
Global
	GlobalSection(SolutionConfigurationPlatforms) = preSolution
		Debug|Any CPU = Debug|Any CPU
		Release|Any CPU = Release|Any CPU
	EndGlobalSection
	GlobalSection(ProjectConfigurationPlatforms) = postSolution
		{E23D498A-BE9E-494C-B224-F3F11BFE1F84}.Debug|Any CPU.ActiveCfg = Debug|Any CPU
		{E23D498A-BE9E-494C-B224-F3F11BFE1F84}.Debug|Any CPU.Build.0 = Debug|Any CPU
		{E23D498A-BE9E-494C-B224-F3F11BFE1F84}.Release|Any CPU.ActiveCfg = Release|Any CPU
		{E23D498A-BE9E-494C-B224-F3F11BFE1F84}.Release|Any CPU.Build.0 = Release|Any CPU
	EndGlobalSection
	GlobalSection(SolutionProperties) = preSolution
		HideSolutionNode = FALSE
	EndGlobalSection
	GlobalSection(ExtensibilityGlobals) = postSolution
		SolutionGuid = {8682E050-E143-4475-9B69-6579196CAB67}
	EndGlobalSection
EndGlobal
